--- 
hash: bb24298037b3736ef9e51b2de0a75029f736ccf3
sources: 
- Git: 
    git: http://github.com/thoughtbot/factory_girl.git
    branch: rails3
    require: 
    uri: http://github.com/thoughtbot/factory_girl.git
    ref: feac7298352a83fef0717d8beadd2eda9aabfe56
- Git: 
    git: http://github.com/thoughtbot/shoulda.git
    require: 
    uri: http://github.com/thoughtbot/shoulda.git
    ref: f3e56edc5a72a0cd1e7948021c9eead9ed6ebc17
- Git: 
    git: git://github.com/plataformatec/devise.git
    uri: git://github.com/plataformatec/devise.git
    ref: 92cf50454b828f2a4c1acf27e95387455c4fe0c7
- Git: 
    git: git://github.com/durran/mongoid.git
    uri: git://github.com/durran/mongoid.git
    ref: 79b4d3710d17c949544fe2b233990a4c3a648b1c
- Git: 
    git: git://github.com/rails/rails.git
    uri: git://github.com/rails/rails.git
    ref: 207fa59675cb624dde0e01c1d57597f752cdf095
- Rubygems: 
    uri: http://rubygems.org
specs: 
- rake: 
    version: 0.8.7
- abstract: 
    version: 1.0.0
- activesupport: 
    version: 3.0.0.beta4
    source: 4
- builder: 
    version: 2.1.2
- i18n: 
    version: 0.4.1
- activemodel: 
    version: 3.0.0.beta4
    source: 4
- erubis: 
    version: 2.6.5
- rack: 
    version: 1.1.0
- rack-mount: 
    version: 0.6.4
- rack-test: 
    version: 0.5.4
- tzinfo: 
    version: 0.3.22
- actionpack: 
    version: 3.0.0.beta4
    source: 4
- mime-types: 
    version: "1.16"
- polyglot: 
    version: 0.3.1
- treetop: 
    version: 1.4.8
- mail: 
    version: 2.2.5
- actionmailer: 
    version: 3.0.0.beta4
    source: 4
- arel: 
    version: 0.4.0
- activerecord: 
    version: 3.0.0.beta4
    source: 4
- activeresource: 
    version: 3.0.0.beta4
    source: 4
- bcrypt-ruby: 
    version: 2.1.2
- bson: 
    version: 1.0.3
- bson_ext: 
    version: 1.0.1
- bundler: 
    version: 0.9.26
- warden: 
    version: 0.10.7
- devise: 
    version: 1.1.rc1
    source: 2
- factory_girl: 
    version: 1.2.3
    source: 0
- haml: 
    version: 3.0.12
- mocha: 
    version: 0.9.8
- mongo: 
    version: 1.0.3
- will_paginate: 
    version: 3.0.pre
- mongoid: 
    version: 2.0.0.beta7
    source: 3
- thor: 
    version: 0.13.6
- railties: 
    version: 3.0.0.beta4
    source: 4
- rails: 
    version: 3.0.0.beta4
    source: 4
- shoulda: 
    version: 2.11.0
    source: 1
- sqlite3-ruby: 
    version: 1.3.0
dependencies: 
  rails: 
    version: ">= 0"
    group: 
    - :default
  sqlite3-ruby: 
    version: ">= 0"
    group: 
    - :default
    require: 
    - sqlite3
  mongoid: 
    version: ">= 0"
    group: 
    - :default
  bson_ext: 
    version: ">= 0"
    group: 
    - :default
  haml: 
    version: = 3.0.12
    group: 
    - :default
  devise: 
    version: ">= 0"
    group: 
    - :default
  shoulda: 
    version: ">= 0"
    group: 
    - :test
    require: []

  factory_girl: 
    version: ">= 0"
    group: 
    - :test
    require: []

  mocha: 
    version: ">= 0"
    group: 
    - :test
