--- 
hash: 3b8fdeb1591e3b822c224eb2f755109572ff904a
sources: 
- Git: 
    git: http://github.com/thoughtbot/factory_girl.git
    branch: rails3
    require: 
    uri: http://github.com/thoughtbot/factory_girl.git
    ref: feac7298352a83fef0717d8beadd2eda9aabfe56
- Git: 
    git: http://github.com/thoughtbot/shoulda.git
    branch: rails3
    require: 
    uri: http://github.com/thoughtbot/shoulda.git
    ref: ad4a2e9d340803e3d0290e12d2088cc3e6c62ab9
- Git: 
    git: git://github.com/plataformatec/devise.git
    uri: git://github.com/plataformatec/devise.git
    ref: 0150fddb4c062050a483b855a138ad3fa816db38
- Git: 
    git: git://github.com/durran/mongoid.git
    uri: git://github.com/durran/mongoid.git
    ref: 0a40d864708ce9607bc9adf33fc99b3a154addab
- Git: 
    git: git://github.com/rails/rails.git
    uri: git://github.com/rails/rails.git
    ref: 048cf9e922379436f577ade30276f9c0c033ea83
- Rubygems: 
    uri: http://rubygems.org
specs: 
- rake: 
    version: 0.8.7
- abstract: 
    version: 1.0.0
- builder: 
    version: 2.1.2
- i18n: 
    version: 0.4.0.beta1
- memcache-client: 
    version: 1.8.3
- tzinfo: 
    version: 0.3.20
- activesupport: 
    version: 3.0.0.beta3
    source: 4
- activemodel: 
    version: 3.0.0.beta3
    source: 4
- erubis: 
    version: 2.6.5
- rack: 
    version: 1.1.0
- rack-mount: 
    version: 0.6.3
- rack-test: 
    version: 0.5.3
- actionpack: 
    version: 3.0.0.beta3
    source: 4
- mime-types: 
    version: "1.16"
- polyglot: 
    version: 0.3.1
- treetop: 
    version: 1.4.5
- mail: 
    version: 2.2.1
- text-hyphen: 
    version: 1.0.0
- text-format: 
    version: 1.0.0
- actionmailer: 
    version: 3.0.0.beta3
    source: 4
- arel: 
    version: 0.3.3
- activerecord: 
    version: 3.0.0.beta3
    source: 4
- activeresource: 
    version: 3.0.0.beta3
    source: 4
- bson: 
    version: 1.0.1
- bson_ext: 
    version: 1.0.1
- bundler: 
    version: 0.9.25
- warden: 
    version: 0.10.5
- devise: 
    version: 1.1.rc1
    source: 2
- factory_girl: 
    version: 1.2.3
    source: 0
- haml: 
    version: 3.0.4
- mocha: 
    version: 0.9.8
- mongo: 
    version: 1.0.1
- will_paginate: 
    version: 3.0.pre
- mongoid: 
    version: 2.0.0.beta6
    source: 3
- thor: 
    version: 0.13.6
- railties: 
    version: 3.0.0.beta3
    source: 4
- rails: 
    version: 3.0.0.beta3
    source: 4
- shoulda: 
    version: 2.10.3
    source: 1
- sqlite3-ruby: 
    version: 1.2.5
dependencies: 
  rails: 
    version: ">= 0"
    group: 
    - :default
  sqlite3-ruby: 
    version: ">= 0"
    group: 
    - :default
    require: 
    - sqlite3
  mongoid: 
    version: ">= 0"
    group: 
    - :default
  bson_ext: 
    version: = 1.0.1
    group: 
    - :default
  haml: 
    version: = 3.0.4
    group: 
    - :default
  devise: 
    version: ">= 0"
    group: 
    - :default
  shoulda: 
    version: ">= 0"
    group: 
    - :test
    require: []

  factory_girl: 
    version: ">= 0"
    group: 
    - :test
    require: []

  mocha: 
    version: ">= 0"
    group: 
    - :test
